<?xml version="1.0" encoding="utf-8"?>
<Project ToolsVersion="4.0" xmlns="http://schemas.microsoft.com/developer/msbuild/2003">
  <ItemGroup>
    <ClCompile Include="Chus.cpp" />
    <ClCompile Include="Door.cpp" />
    <ClCompile Include="EndScene.cpp" />
    <ClCompile Include="EntState.cpp" />
    <ClCompile Include="GreenBook.cpp" />
    <ClCompile Include="GreyBook.cpp" />
    <ClCompile Include="helmet.cpp" />
    <ClCompile Include="Portal.cpp" />
    <ClCompile Include="Drop.cpp" />
    <ClCompile Include="EnemyManager.cpp" />
    <ClCompile Include="EntityManager.cpp" />
    <ClCompile Include="FallingRock.cpp" />
    <ClCompile Include="Game.cpp" />
    <ClCompile Include="GameOverScene.cpp" />
    <ClCompile Include="Gui.cpp" />
    <ClCompile Include="InstruccionsScene.cpp" />
    <ClCompile Include="Key.cpp" />
    <ClCompile Include="main.cpp" />
    <ClCompile Include="Menu.cpp" />
    <ClCompile Include="Player.cpp" />
    <ClCompile Include="Scene.cpp" />
    <ClCompile Include="SceneManager.cpp" />
    <ClCompile Include="Shader.cpp" />
    <ClCompile Include="ShaderProgram.cpp" />
    <ClCompile Include="Shoes.cpp" />
    <ClCompile Include="Skeleton.cpp" />
    <ClCompile Include="Skull.cpp" />
    <ClCompile Include="Sprite.cpp" />
    <ClCompile Include="Texture.cpp" />
    <ClCompile Include="TexturedQuad.cpp" />
    <ClCompile Include="TileMap.cpp" />
    <ClCompile Include="Water.cpp" />
    <ClCompile Include="MoneyBag.cpp" />
    <ClCompile Include="EndDoor.cpp" />
  </ItemGroup>
  <ItemGroup>
    <ClInclude Include="AnimKeyframes.h" />
    <ClInclude Include="Chus.h" />
    <ClInclude Include="Door.h" />
    <ClInclude Include="EndScene.h" />
    <ClInclude Include="EntState.h" />
    <ClInclude Include="GreenBook.h" />
    <ClInclude Include="GreyBook.h" />
    <ClInclude Include="helmet.h" />
    <ClInclude Include="Portal.h" />
    <ClInclude Include="Drop.h" />
    <ClInclude Include="EnemyManager.h" />
    <ClInclude Include="EntityManager.h" />
    <ClInclude Include="FallingRock.h" />
    <ClInclude Include="Game.h" />
    <ClInclude Include="GameOverScene.h" />
    <ClInclude Include="Gui.h" />
    <ClInclude Include="InstruccionsScene.h" />
    <ClInclude Include="Key.h" />
    <ClInclude Include="Menu.h" />
    <ClInclude Include="Player.h" />
    <ClInclude Include="Scene.h" />
    <ClInclude Include="SceneManager.h" />
    <ClInclude Include="Shader.h" />
    <ClInclude Include="ShaderProgram.h" />
    <ClInclude Include="Shoes.h" />
    <ClInclude Include="Skeleton.h" />
    <ClInclude Include="Skull.h" />
    <ClInclude Include="Sprite.h" />
    <ClInclude Include="Texture.h" />
    <ClInclude Include="TexturedQuad.h" />
    <ClInclude Include="TileMap.h" />
    <ClInclude Include="Water.h" />
    <ClInclude Include="MoneyBag.h" />
    <ClInclude Include="EndDoor.h" />
  </ItemGroup>
</Project>